
Microsoft Visual Studio Solution File, Format Version 12.00
# Visual Studio Version 17
VisualStudioVersion = 17.12.35309.182
MinimumVisualStudioVersion = 10.0.40219.1
Project("{888888A0-9F3D-457C-B088-3A5042F75D52}") = "BreakthroughGame", "BreakthroughGame\BreakthroughGame.pyproj", "{DAAB4F9D-F471-4D7C-B62F-1225CBE286A3}"
EndProject
Global
	GlobalSection(SolutionConfigurationPlatforms) = preSolution
		Debug|Any CPU = Debug|Any CPU
		Release|Any CPU = Release|Any CPU
	EndGlobalSection
	GlobalSection(ProjectConfigurationPlatforms) = postSolution
		{DAAB4F9D-F471-4D7C-B62F-1225CBE286A3}.Debug|Any CPU.ActiveCfg = Debug|Any CPU
		{DAAB4F9D-F471-4D7C-B62F-1225CBE286A3}.Release|Any CPU.ActiveCfg = Release|Any CPU
	EndGlobalSection
	GlobalSection(SolutionProperties) = preSolution
		HideSolutionNode = FALSE
	EndGlobalSection
	GlobalSection(ExtensibilityGlobals) = postSolution
		SolutionGuid = {1F97A423-9D2D-4E53-8831-1B866660A0EA}
	EndGlobalSection
EndGlobal
